
Microsoft Visual Studio Solution File, Format Version 12.00
# Visual Studio Version 17
VisualStudioVersion = 17.3.32825.248
MinimumVisualStudioVersion = 10.0.40219.1
Project("{9A19103F-16F7-4668-BE54-9A1E7A4F7556}") = "ToDoListAPI", "ToDoListAPI\ToDoListAPI.csproj", "{09566AEF-6FFD-4393-BC2C-19EF17954A68}"
EndProject
Project("{FAE04EC0-301F-11D3-BF4B-00C04F79EFBC}") = "ToDoListAPIFront", "ToDoListAPIFront\ToDoListAPIFront.csproj", "{B850960E-2A92-4296-AA99-2C6E5DE14ADE}"
EndProject
Global
	GlobalSection(SolutionConfigurationPlatforms) = preSolution
		Debug|Any CPU = Debug|Any CPU
		Release|Any CPU = Release|Any CPU
	EndGlobalSection
	GlobalSection(ProjectConfigurationPlatforms) = postSolution
		{09566AEF-6FFD-4393-BC2C-19EF17954A68}.Debug|Any CPU.ActiveCfg = Debug|Any CPU
		{09566AEF-6FFD-4393-BC2C-19EF17954A68}.Debug|Any CPU.Build.0 = Debug|Any CPU
		{09566AEF-6FFD-4393-BC2C-19EF17954A68}.Release|Any CPU.ActiveCfg = Release|Any CPU
		{09566AEF-6FFD-4393-BC2C-19EF17954A68}.Release|Any CPU.Build.0 = Release|Any CPU
		{B850960E-2A92-4296-AA99-2C6E5DE14ADE}.Debug|Any CPU.ActiveCfg = Debug|Any CPU
		{B850960E-2A92-4296-AA99-2C6E5DE14ADE}.Debug|Any CPU.Build.0 = Debug|Any CPU
		{B850960E-2A92-4296-AA99-2C6E5DE14ADE}.Release|Any CPU.ActiveCfg = Release|Any CPU
		{B850960E-2A92-4296-AA99-2C6E5DE14ADE}.Release|Any CPU.Build.0 = Release|Any CPU
	EndGlobalSection
	GlobalSection(SolutionProperties) = preSolution
		HideSolutionNode = FALSE
	EndGlobalSection
	GlobalSection(ExtensibilityGlobals) = postSolution
		SolutionGuid = {AE6F7BFA-E1C7-431F-85EE-B72B606F264C}
	EndGlobalSection
EndGlobal
